<Solution>
  <Folder Name="/BuildingBlocks/">
    <Project Path="BuildingBlocks/BuildingBlocks/BuildingBlocks.csproj" Id="360266db-31f0-4e2f-9490-f5622bdc9f17" />
  </Folder>
  <Folder Name="/Services/" />
  <Folder Name="/Services/Archive/">
    <Project Path="Services/Archive/Archive.API/Archive.API.csproj" Id="63aa319d-2620-4492-af6d-edda6349fba9" />
  </Folder>
  <Project Path="docker-compose.dcproj">
    <Build />
  </Project>
</Solution>
